
Microsoft Visual Studio Solution File, Format Version 12.00
# Visual Studio 15
VisualStudioVersion = 15.0.27130.2036
MinimumVisualStudioVersion = 10.0.40219.1
Project("{FAE04EC0-301F-11D3-BF4B-00C04F79EFBC}") = "KD.Scorpion.Engine", "KD.Scorpion.Engine\KD.Scorpion.Engine.csproj", "{91495C38-9695-4905-B5D9-0DEBB25E1A0F}"
	ProjectSection(ProjectDependencies) = postProject
		{ACE87E11-8FAC-4CAA-BF5A-A237FE88BB9E} = {ACE87E11-8FAC-4CAA-BF5A-A237FE88BB9E}
		{F60B40E1-4239-4329-9825-11925D349F7E} = {F60B40E1-4239-4329-9825-11925D349F7E}
	EndProjectSection
EndProject
Project("{FAE04EC0-301F-11D3-BF4B-00C04F79EFBC}") = "MonoScorpPlugin", "MonoScorpPlugin\MonoScorpPlugin.csproj", "{ACE87E11-8FAC-4CAA-BF5A-A237FE88BB9E}"
EndProject
Project("{FAE04EC0-301F-11D3-BF4B-00C04F79EFBC}") = "VelcroPhysicsPlugin", "VelcroPhysicsPlugin\VelcroPhysicsPlugin.csproj", "{F60B40E1-4239-4329-9825-11925D349F7E}"
EndProject
Project("{FAE04EC0-301F-11D3-BF4B-00C04F79EFBC}") = "KD.Scorpion.Core", "KD.Scorpion.Core\KD.Scorpion.Core.csproj", "{3E136A13-190C-4390-9E74-8849022852F6}"
EndProject
Project("{FAE04EC0-301F-11D3-BF4B-00C04F79EFBC}") = "ScorpTestGame", "ScorpTestGame\ScorpTestGame.csproj", "{BBBB08DB-2035-43DB-820E-3492CEFF0A42}"
	ProjectSection(ProjectDependencies) = postProject
		{ACE87E11-8FAC-4CAA-BF5A-A237FE88BB9E} = {ACE87E11-8FAC-4CAA-BF5A-A237FE88BB9E}
	EndProjectSection
EndProject
Project("{2150E333-8FDC-42A3-9474-1A3956D46DE8}") = "Testing", "Testing", "{EE8A8A20-A4DF-49FA-9456-480274CD7BFA}"
EndProject
Project("{FAE04EC0-301F-11D3-BF4B-00C04F79EFBC}") = "KD.Scorpion.Engine.Tests", "KD.Scorpion.Engine.Tests\KD.Scorpion.Engine.Tests.csproj", "{4357E355-FB3D-4B43-9E89-5718D1FB9389}"
EndProject
Project("{FAE04EC0-301F-11D3-BF4B-00C04F79EFBC}") = "KD.Scorpion.Core.Tests", "KD.Scorpion.Core.Tests\KD.Scorpion.Core.Tests.csproj", "{6BDE0F14-64A5-4B31-BF8D-0BFCC476E298}"
EndProject
Project("{FAE04EC0-301F-11D3-BF4B-00C04F79EFBC}") = "KD.Scorpion.UI", "KD.Scorpion.UI\KD.Scorpion.UI.csproj", "{EF70DE07-DE6F-40C6-AF90-32E02090592C}"
EndProject
Project("{FAE04EC0-301F-11D3-BF4B-00C04F79EFBC}") = "KD.ScorpionUI.Tests", "KD.Scorpion.UI.Tests\KD.ScorpionUI.Tests.csproj", "{36ABBA84-5FB3-4652-868F-590D342BDE2D}"
EndProject
Project("{FAE04EC0-301F-11D3-BF4B-00C04F79EFBC}") = "ParticleMaker", "ParticleMaker\ParticleMaker.csproj", "{222DD082-BA5B-4750-8246-0677E3FDA2A3}"
EndProject
Project("{FAE04EC0-301F-11D3-BF4B-00C04F79EFBC}") = "KD.Particle.Engine", "KD.Particle.Engine\KD.Particle.Engine.csproj", "{6595FF25-B463-480D-9F26-C73C66C2D5F0}"
EndProject
Project("{FAE04EC0-301F-11D3-BF4B-00C04F79EFBC}") = "KD.Particle.Engine.Tests", "KD.Particle.Engine.Tests\KD.Particle.Engine.Tests.csproj", "{3C349F0B-CF7E-4401-834D-A1B44C8F64D0}"
EndProject
Project("{FAE04EC0-301F-11D3-BF4B-00C04F79EFBC}") = "ParticleMaker.Tests", "ParticleMaker.Tests\ParticleMaker.Tests.csproj", "{3234BD2E-D0F7-437B-BC68-8A23DF1A7E3C}"
EndProject
Global
	GlobalSection(SolutionConfigurationPlatforms) = preSolution
		Debug|x86 = Debug|x86
		Release|x86 = Release|x86
	EndGlobalSection
	GlobalSection(ProjectConfigurationPlatforms) = postSolution
		{91495C38-9695-4905-B5D9-0DEBB25E1A0F}.Debug|x86.ActiveCfg = Debug|x86
		{91495C38-9695-4905-B5D9-0DEBB25E1A0F}.Debug|x86.Build.0 = Debug|x86
		{91495C38-9695-4905-B5D9-0DEBB25E1A0F}.Release|x86.ActiveCfg = Release|x86
		{91495C38-9695-4905-B5D9-0DEBB25E1A0F}.Release|x86.Build.0 = Release|x86
		{ACE87E11-8FAC-4CAA-BF5A-A237FE88BB9E}.Debug|x86.ActiveCfg = Debug|x86
		{ACE87E11-8FAC-4CAA-BF5A-A237FE88BB9E}.Debug|x86.Build.0 = Debug|x86
		{ACE87E11-8FAC-4CAA-BF5A-A237FE88BB9E}.Release|x86.ActiveCfg = Release|x86
		{ACE87E11-8FAC-4CAA-BF5A-A237FE88BB9E}.Release|x86.Build.0 = Release|x86
		{F60B40E1-4239-4329-9825-11925D349F7E}.Debug|x86.ActiveCfg = Debug|x86
		{F60B40E1-4239-4329-9825-11925D349F7E}.Debug|x86.Build.0 = Debug|x86
		{F60B40E1-4239-4329-9825-11925D349F7E}.Release|x86.ActiveCfg = Release|x86
		{F60B40E1-4239-4329-9825-11925D349F7E}.Release|x86.Build.0 = Release|x86
		{3E136A13-190C-4390-9E74-8849022852F6}.Debug|x86.ActiveCfg = Debug|x86
		{3E136A13-190C-4390-9E74-8849022852F6}.Debug|x86.Build.0 = Debug|x86
		{3E136A13-190C-4390-9E74-8849022852F6}.Release|x86.ActiveCfg = Release|x86
		{3E136A13-190C-4390-9E74-8849022852F6}.Release|x86.Build.0 = Release|x86
		{BBBB08DB-2035-43DB-820E-3492CEFF0A42}.Debug|x86.ActiveCfg = Debug|x86
		{BBBB08DB-2035-43DB-820E-3492CEFF0A42}.Debug|x86.Build.0 = Debug|x86
		{BBBB08DB-2035-43DB-820E-3492CEFF0A42}.Release|x86.ActiveCfg = Release|x86
		{BBBB08DB-2035-43DB-820E-3492CEFF0A42}.Release|x86.Build.0 = Release|x86
		{4357E355-FB3D-4B43-9E89-5718D1FB9389}.Debug|x86.ActiveCfg = Debug|x86
		{4357E355-FB3D-4B43-9E89-5718D1FB9389}.Debug|x86.Build.0 = Debug|x86
		{4357E355-FB3D-4B43-9E89-5718D1FB9389}.Release|x86.ActiveCfg = Release|x86
		{4357E355-FB3D-4B43-9E89-5718D1FB9389}.Release|x86.Build.0 = Release|x86
		{6BDE0F14-64A5-4B31-BF8D-0BFCC476E298}.Debug|x86.ActiveCfg = Debug|x86
		{6BDE0F14-64A5-4B31-BF8D-0BFCC476E298}.Debug|x86.Build.0 = Debug|x86
		{6BDE0F14-64A5-4B31-BF8D-0BFCC476E298}.Release|x86.ActiveCfg = Release|x86
		{6BDE0F14-64A5-4B31-BF8D-0BFCC476E298}.Release|x86.Build.0 = Release|x86
		{EF70DE07-DE6F-40C6-AF90-32E02090592C}.Debug|x86.ActiveCfg = Debug|x86
		{EF70DE07-DE6F-40C6-AF90-32E02090592C}.Debug|x86.Build.0 = Debug|x86
		{EF70DE07-DE6F-40C6-AF90-32E02090592C}.Release|x86.ActiveCfg = Release|x86
		{EF70DE07-DE6F-40C6-AF90-32E02090592C}.Release|x86.Build.0 = Release|x86
		{36ABBA84-5FB3-4652-868F-590D342BDE2D}.Debug|x86.ActiveCfg = Debug|x86
		{36ABBA84-5FB3-4652-868F-590D342BDE2D}.Debug|x86.Build.0 = Debug|x86
		{36ABBA84-5FB3-4652-868F-590D342BDE2D}.Release|x86.ActiveCfg = Release|x86
		{36ABBA84-5FB3-4652-868F-590D342BDE2D}.Release|x86.Build.0 = Release|x86
		{222DD082-BA5B-4750-8246-0677E3FDA2A3}.Debug|x86.ActiveCfg = Debug|x86
		{222DD082-BA5B-4750-8246-0677E3FDA2A3}.Debug|x86.Build.0 = Debug|x86
		{222DD082-BA5B-4750-8246-0677E3FDA2A3}.Release|x86.ActiveCfg = Release|x86
		{222DD082-BA5B-4750-8246-0677E3FDA2A3}.Release|x86.Build.0 = Release|x86
		{6595FF25-B463-480D-9F26-C73C66C2D5F0}.Debug|x86.ActiveCfg = Debug|x86
		{6595FF25-B463-480D-9F26-C73C66C2D5F0}.Debug|x86.Build.0 = Debug|x86
		{6595FF25-B463-480D-9F26-C73C66C2D5F0}.Release|x86.ActiveCfg = Release|x86
		{6595FF25-B463-480D-9F26-C73C66C2D5F0}.Release|x86.Build.0 = Release|x86
		{3C349F0B-CF7E-4401-834D-A1B44C8F64D0}.Debug|x86.ActiveCfg = Debug|x86
		{3C349F0B-CF7E-4401-834D-A1B44C8F64D0}.Debug|x86.Build.0 = Debug|x86
		{3C349F0B-CF7E-4401-834D-A1B44C8F64D0}.Release|x86.ActiveCfg = Release|x86
		{3C349F0B-CF7E-4401-834D-A1B44C8F64D0}.Release|x86.Build.0 = Release|x86
		{3234BD2E-D0F7-437B-BC68-8A23DF1A7E3C}.Debug|x86.ActiveCfg = Debug|x86
		{3234BD2E-D0F7-437B-BC68-8A23DF1A7E3C}.Debug|x86.Build.0 = Debug|x86
		{3234BD2E-D0F7-437B-BC68-8A23DF1A7E3C}.Release|x86.ActiveCfg = Release|x86
		{3234BD2E-D0F7-437B-BC68-8A23DF1A7E3C}.Release|x86.Build.0 = Release|x86
	EndGlobalSection
	GlobalSection(SolutionProperties) = preSolution
		HideSolutionNode = FALSE
	EndGlobalSection
	GlobalSection(NestedProjects) = preSolution
		{4357E355-FB3D-4B43-9E89-5718D1FB9389} = {EE8A8A20-A4DF-49FA-9456-480274CD7BFA}
		{6BDE0F14-64A5-4B31-BF8D-0BFCC476E298} = {EE8A8A20-A4DF-49FA-9456-480274CD7BFA}
		{36ABBA84-5FB3-4652-868F-590D342BDE2D} = {EE8A8A20-A4DF-49FA-9456-480274CD7BFA}
		{3C349F0B-CF7E-4401-834D-A1B44C8F64D0} = {EE8A8A20-A4DF-49FA-9456-480274CD7BFA}
		{3234BD2E-D0F7-437B-BC68-8A23DF1A7E3C} = {EE8A8A20-A4DF-49FA-9456-480274CD7BFA}
	EndGlobalSection
	GlobalSection(ExtensibilityGlobals) = postSolution
		SolutionGuid = {F10604E0-0DA6-44B3-A9BD-8D95EA21E67F}
	EndGlobalSection
EndGlobal
