
Microsoft Visual Studio Solution File, Format Version 12.00
# Visual Studio Version 16
VisualStudioVersion = 16.0.29025.244
MinimumVisualStudioVersion = 10.0.40219.1
Project("{9A19103F-16F7-4668-BE54-9A1E7A4F7556}") = "PluginSystem", "PluginSystem\PluginSystem.csproj", "{256787F4-8872-4F71-A7EA-D0CBB13C6BF2}"
EndProject
Project("{9A19103F-16F7-4668-BE54-9A1E7A4F7556}") = "MonoScorpPlugin", "MonoScorpPlugin\MonoScorpPlugin.csproj", "{19122F88-8270-43BF-8557-2A11FDC5A474}"
EndProject
Project("{9A19103F-16F7-4668-BE54-9A1E7A4F7556}") = "ScorpTestGame", "ScorpTestGame\ScorpTestGame.csproj", "{47CD6544-B970-4F7A-A508-0CCC1F306FB0}"
	ProjectSection(ProjectDependencies) = postProject
		{19122F88-8270-43BF-8557-2A11FDC5A474} = {19122F88-8270-43BF-8557-2A11FDC5A474}
	EndProjectSection
EndProject
Project("{9A19103F-16F7-4668-BE54-9A1E7A4F7556}") = "KD.Scorpion.UI", "KD.Scorpion.UI\KD.Scorpion.UI.csproj", "{DCF9C343-2789-427C-881B-52805446DAC1}"
EndProject
Project("{9A19103F-16F7-4668-BE54-9A1E7A4F7556}") = "KD.Scorpion.Engine", "KD.Scorpion.Engine\KD.Scorpion.Engine.csproj", "{EAA8F5F1-929B-4FF2-9292-6FCF7850A478}"
EndProject
Project("{9A19103F-16F7-4668-BE54-9A1E7A4F7556}") = "VelcroPhysicsPlugin", "VelcroPhysicsPlugin\VelcroPhysicsPlugin.csproj", "{E59BB6A0-713E-4084-A127-C362C84B1A0C}"
EndProject
Project("{2150E333-8FDC-42A3-9474-1A3956D46DE8}") = "Testing", "Testing", "{C12F7941-E834-4C6A-B3F6-E4DD58FF0CC8}"
EndProject
Project("{9A19103F-16F7-4668-BE54-9A1E7A4F7556}") = "KD.ScorpionUI.Tests", "KD.Scorpion.UI.Tests\KD.ScorpionUI.Tests.csproj", "{DAD8EA90-BF2B-4A57-86F4-4176342EEB8C}"
EndProject
Project("{9A19103F-16F7-4668-BE54-9A1E7A4F7556}") = "PluginSystem.Tests", "PluginSystem.Tests\PluginSystem.Tests.csproj", "{132C8707-AE48-462D-BD7F-786B567B4FE1}"
EndProject
Project("{9A19103F-16F7-4668-BE54-9A1E7A4F7556}") = "KD.Scorpion.Engine.Tests", "KD.Scorpion.Engine.Tests\KD.Scorpion.Engine.Tests.csproj", "{9400C56B-2543-455F-B349-F878B0EEC4FC}"
EndProject
Global
	GlobalSection(SolutionConfigurationPlatforms) = preSolution
		Debug-MonoGame|x64 = Debug-MonoGame|x64
		Debug-MonoGame|x86 = Debug-MonoGame|x86
		Debug-SDL|x64 = Debug-SDL|x64
		Debug-SDL|x86 = Debug-SDL|x86
		Release-MonoGame|x64 = Release-MonoGame|x64
		Release-MonoGame|x86 = Release-MonoGame|x86
		Release-SDL|x64 = Release-SDL|x64
		Release-SDL|x86 = Release-SDL|x86
		UserControlTesting|x64 = UserControlTesting|x64
		UserControlTesting|x86 = UserControlTesting|x86
	EndGlobalSection
	GlobalSection(ProjectConfigurationPlatforms) = postSolution
		{256787F4-8872-4F71-A7EA-D0CBB13C6BF2}.Debug-MonoGame|x64.ActiveCfg = Debug-MonoGame|x64
		{256787F4-8872-4F71-A7EA-D0CBB13C6BF2}.Debug-MonoGame|x64.Build.0 = Debug-MonoGame|x64
		{256787F4-8872-4F71-A7EA-D0CBB13C6BF2}.Debug-MonoGame|x86.ActiveCfg = Debug-MonoGame|x86
		{256787F4-8872-4F71-A7EA-D0CBB13C6BF2}.Debug-MonoGame|x86.Build.0 = Debug-MonoGame|x86
		{256787F4-8872-4F71-A7EA-D0CBB13C6BF2}.Debug-SDL|x64.ActiveCfg = Debug-SDL|x64
		{256787F4-8872-4F71-A7EA-D0CBB13C6BF2}.Debug-SDL|x64.Build.0 = Debug-SDL|x64
		{256787F4-8872-4F71-A7EA-D0CBB13C6BF2}.Debug-SDL|x86.ActiveCfg = Debug-SDL|x86
		{256787F4-8872-4F71-A7EA-D0CBB13C6BF2}.Debug-SDL|x86.Build.0 = Debug-SDL|x86
		{256787F4-8872-4F71-A7EA-D0CBB13C6BF2}.Release-MonoGame|x64.ActiveCfg = Release-MonoGame|x64
		{256787F4-8872-4F71-A7EA-D0CBB13C6BF2}.Release-MonoGame|x64.Build.0 = Release-MonoGame|x64
		{256787F4-8872-4F71-A7EA-D0CBB13C6BF2}.Release-MonoGame|x86.ActiveCfg = Release-MonoGame|x86
		{256787F4-8872-4F71-A7EA-D0CBB13C6BF2}.Release-MonoGame|x86.Build.0 = Release-MonoGame|x86
		{256787F4-8872-4F71-A7EA-D0CBB13C6BF2}.Release-SDL|x64.ActiveCfg = Release-SDL|x64
		{256787F4-8872-4F71-A7EA-D0CBB13C6BF2}.Release-SDL|x64.Build.0 = Release-SDL|x64
		{256787F4-8872-4F71-A7EA-D0CBB13C6BF2}.Release-SDL|x86.ActiveCfg = Release-SDL|x86
		{256787F4-8872-4F71-A7EA-D0CBB13C6BF2}.Release-SDL|x86.Build.0 = Release-SDL|x86
		{256787F4-8872-4F71-A7EA-D0CBB13C6BF2}.UserControlTesting|x64.ActiveCfg = Debug-SDL|x64
		{256787F4-8872-4F71-A7EA-D0CBB13C6BF2}.UserControlTesting|x64.Build.0 = Debug-SDL|x64
		{256787F4-8872-4F71-A7EA-D0CBB13C6BF2}.UserControlTesting|x86.ActiveCfg = Release-MonoGame|x86
		{256787F4-8872-4F71-A7EA-D0CBB13C6BF2}.UserControlTesting|x86.Build.0 = Release-MonoGame|x86
		{19122F88-8270-43BF-8557-2A11FDC5A474}.Debug-MonoGame|x64.ActiveCfg = Debug|x64
		{19122F88-8270-43BF-8557-2A11FDC5A474}.Debug-MonoGame|x64.Build.0 = Debug|x64
		{19122F88-8270-43BF-8557-2A11FDC5A474}.Debug-MonoGame|x86.ActiveCfg = Debug|x86
		{19122F88-8270-43BF-8557-2A11FDC5A474}.Debug-MonoGame|x86.Build.0 = Debug|x86
		{19122F88-8270-43BF-8557-2A11FDC5A474}.Debug-SDL|x64.ActiveCfg = Debug|x64
		{19122F88-8270-43BF-8557-2A11FDC5A474}.Debug-SDL|x64.Build.0 = Debug|x64
		{19122F88-8270-43BF-8557-2A11FDC5A474}.Debug-SDL|x86.ActiveCfg = Debug|x86
		{19122F88-8270-43BF-8557-2A11FDC5A474}.Debug-SDL|x86.Build.0 = Debug|x86
		{19122F88-8270-43BF-8557-2A11FDC5A474}.Release-MonoGame|x64.ActiveCfg = Release|x64
		{19122F88-8270-43BF-8557-2A11FDC5A474}.Release-MonoGame|x64.Build.0 = Release|x64
		{19122F88-8270-43BF-8557-2A11FDC5A474}.Release-MonoGame|x86.ActiveCfg = Release|x86
		{19122F88-8270-43BF-8557-2A11FDC5A474}.Release-MonoGame|x86.Build.0 = Release|x86
		{19122F88-8270-43BF-8557-2A11FDC5A474}.Release-SDL|x64.ActiveCfg = Release|x64
		{19122F88-8270-43BF-8557-2A11FDC5A474}.Release-SDL|x64.Build.0 = Release|x64
		{19122F88-8270-43BF-8557-2A11FDC5A474}.Release-SDL|x86.ActiveCfg = Release|x86
		{19122F88-8270-43BF-8557-2A11FDC5A474}.Release-SDL|x86.Build.0 = Release|x86
		{19122F88-8270-43BF-8557-2A11FDC5A474}.UserControlTesting|x64.ActiveCfg = Debug|x64
		{19122F88-8270-43BF-8557-2A11FDC5A474}.UserControlTesting|x64.Build.0 = Debug|x64
		{19122F88-8270-43BF-8557-2A11FDC5A474}.UserControlTesting|x86.ActiveCfg = Release|x86
		{19122F88-8270-43BF-8557-2A11FDC5A474}.UserControlTesting|x86.Build.0 = Release|x86
		{47CD6544-B970-4F7A-A508-0CCC1F306FB0}.Debug-MonoGame|x64.ActiveCfg = Debug|x64
		{47CD6544-B970-4F7A-A508-0CCC1F306FB0}.Debug-MonoGame|x64.Build.0 = Debug|x64
		{47CD6544-B970-4F7A-A508-0CCC1F306FB0}.Debug-MonoGame|x86.ActiveCfg = Debug|x86
		{47CD6544-B970-4F7A-A508-0CCC1F306FB0}.Debug-MonoGame|x86.Build.0 = Debug|x86
		{47CD6544-B970-4F7A-A508-0CCC1F306FB0}.Debug-SDL|x64.ActiveCfg = Debug|x64
		{47CD6544-B970-4F7A-A508-0CCC1F306FB0}.Debug-SDL|x64.Build.0 = Debug|x64
		{47CD6544-B970-4F7A-A508-0CCC1F306FB0}.Debug-SDL|x86.ActiveCfg = Debug|x86
		{47CD6544-B970-4F7A-A508-0CCC1F306FB0}.Debug-SDL|x86.Build.0 = Debug|x86
		{47CD6544-B970-4F7A-A508-0CCC1F306FB0}.Release-MonoGame|x64.ActiveCfg = Release|x64
		{47CD6544-B970-4F7A-A508-0CCC1F306FB0}.Release-MonoGame|x64.Build.0 = Release|x64
		{47CD6544-B970-4F7A-A508-0CCC1F306FB0}.Release-MonoGame|x86.ActiveCfg = Release|x86
		{47CD6544-B970-4F7A-A508-0CCC1F306FB0}.Release-MonoGame|x86.Build.0 = Release|x86
		{47CD6544-B970-4F7A-A508-0CCC1F306FB0}.Release-SDL|x64.ActiveCfg = Release|x64
		{47CD6544-B970-4F7A-A508-0CCC1F306FB0}.Release-SDL|x64.Build.0 = Release|x64
		{47CD6544-B970-4F7A-A508-0CCC1F306FB0}.Release-SDL|x86.ActiveCfg = Release|x86
		{47CD6544-B970-4F7A-A508-0CCC1F306FB0}.Release-SDL|x86.Build.0 = Release|x86
		{47CD6544-B970-4F7A-A508-0CCC1F306FB0}.UserControlTesting|x64.ActiveCfg = Debug|x64
		{47CD6544-B970-4F7A-A508-0CCC1F306FB0}.UserControlTesting|x64.Build.0 = Debug|x64
		{47CD6544-B970-4F7A-A508-0CCC1F306FB0}.UserControlTesting|x86.ActiveCfg = Release|x86
		{47CD6544-B970-4F7A-A508-0CCC1F306FB0}.UserControlTesting|x86.Build.0 = Release|x86
		{DCF9C343-2789-427C-881B-52805446DAC1}.Debug-MonoGame|x64.ActiveCfg = Debug|x64
		{DCF9C343-2789-427C-881B-52805446DAC1}.Debug-MonoGame|x64.Build.0 = Debug|x64
		{DCF9C343-2789-427C-881B-52805446DAC1}.Debug-MonoGame|x86.ActiveCfg = Debug|x86
		{DCF9C343-2789-427C-881B-52805446DAC1}.Debug-MonoGame|x86.Build.0 = Debug|x86
		{DCF9C343-2789-427C-881B-52805446DAC1}.Debug-SDL|x64.ActiveCfg = Debug|x64
		{DCF9C343-2789-427C-881B-52805446DAC1}.Debug-SDL|x64.Build.0 = Debug|x64
		{DCF9C343-2789-427C-881B-52805446DAC1}.Debug-SDL|x86.ActiveCfg = Debug|x86
		{DCF9C343-2789-427C-881B-52805446DAC1}.Debug-SDL|x86.Build.0 = Debug|x86
		{DCF9C343-2789-427C-881B-52805446DAC1}.Release-MonoGame|x64.ActiveCfg = Release|x64
		{DCF9C343-2789-427C-881B-52805446DAC1}.Release-MonoGame|x64.Build.0 = Release|x64
		{DCF9C343-2789-427C-881B-52805446DAC1}.Release-MonoGame|x86.ActiveCfg = Release|x86
		{DCF9C343-2789-427C-881B-52805446DAC1}.Release-MonoGame|x86.Build.0 = Release|x86
		{DCF9C343-2789-427C-881B-52805446DAC1}.Release-SDL|x64.ActiveCfg = Release|x64
		{DCF9C343-2789-427C-881B-52805446DAC1}.Release-SDL|x64.Build.0 = Release|x64
		{DCF9C343-2789-427C-881B-52805446DAC1}.Release-SDL|x86.ActiveCfg = Release|x86
		{DCF9C343-2789-427C-881B-52805446DAC1}.Release-SDL|x86.Build.0 = Release|x86
		{DCF9C343-2789-427C-881B-52805446DAC1}.UserControlTesting|x64.ActiveCfg = Debug|x64
		{DCF9C343-2789-427C-881B-52805446DAC1}.UserControlTesting|x64.Build.0 = Debug|x64
		{DCF9C343-2789-427C-881B-52805446DAC1}.UserControlTesting|x86.ActiveCfg = Release|x86
		{DCF9C343-2789-427C-881B-52805446DAC1}.UserControlTesting|x86.Build.0 = Release|x86
		{EAA8F5F1-929B-4FF2-9292-6FCF7850A478}.Debug-MonoGame|x64.ActiveCfg = Debug|x64
		{EAA8F5F1-929B-4FF2-9292-6FCF7850A478}.Debug-MonoGame|x64.Build.0 = Debug|x64
		{EAA8F5F1-929B-4FF2-9292-6FCF7850A478}.Debug-MonoGame|x86.ActiveCfg = Debug|x86
		{EAA8F5F1-929B-4FF2-9292-6FCF7850A478}.Debug-MonoGame|x86.Build.0 = Debug|x86
		{EAA8F5F1-929B-4FF2-9292-6FCF7850A478}.Debug-SDL|x64.ActiveCfg = Debug|x64
		{EAA8F5F1-929B-4FF2-9292-6FCF7850A478}.Debug-SDL|x64.Build.0 = Debug|x64
		{EAA8F5F1-929B-4FF2-9292-6FCF7850A478}.Debug-SDL|x86.ActiveCfg = Debug|x86
		{EAA8F5F1-929B-4FF2-9292-6FCF7850A478}.Debug-SDL|x86.Build.0 = Debug|x86
		{EAA8F5F1-929B-4FF2-9292-6FCF7850A478}.Release-MonoGame|x64.ActiveCfg = Release|x64
		{EAA8F5F1-929B-4FF2-9292-6FCF7850A478}.Release-MonoGame|x64.Build.0 = Release|x64
		{EAA8F5F1-929B-4FF2-9292-6FCF7850A478}.Release-MonoGame|x86.ActiveCfg = Release|x86
		{EAA8F5F1-929B-4FF2-9292-6FCF7850A478}.Release-MonoGame|x86.Build.0 = Release|x86
		{EAA8F5F1-929B-4FF2-9292-6FCF7850A478}.Release-SDL|x64.ActiveCfg = Release|x64
		{EAA8F5F1-929B-4FF2-9292-6FCF7850A478}.Release-SDL|x64.Build.0 = Release|x64
		{EAA8F5F1-929B-4FF2-9292-6FCF7850A478}.Release-SDL|x86.ActiveCfg = Release|x86
		{EAA8F5F1-929B-4FF2-9292-6FCF7850A478}.Release-SDL|x86.Build.0 = Release|x86
		{EAA8F5F1-929B-4FF2-9292-6FCF7850A478}.UserControlTesting|x64.ActiveCfg = Debug|x64
		{EAA8F5F1-929B-4FF2-9292-6FCF7850A478}.UserControlTesting|x64.Build.0 = Debug|x64
		{EAA8F5F1-929B-4FF2-9292-6FCF7850A478}.UserControlTesting|x86.ActiveCfg = Release|x86
		{EAA8F5F1-929B-4FF2-9292-6FCF7850A478}.UserControlTesting|x86.Build.0 = Release|x86
		{E59BB6A0-713E-4084-A127-C362C84B1A0C}.Debug-MonoGame|x64.ActiveCfg = Debug|x64
		{E59BB6A0-713E-4084-A127-C362C84B1A0C}.Debug-MonoGame|x64.Build.0 = Debug|x64
		{E59BB6A0-713E-4084-A127-C362C84B1A0C}.Debug-MonoGame|x86.ActiveCfg = Debug|x86
		{E59BB6A0-713E-4084-A127-C362C84B1A0C}.Debug-MonoGame|x86.Build.0 = Debug|x86
		{E59BB6A0-713E-4084-A127-C362C84B1A0C}.Debug-SDL|x64.ActiveCfg = Debug|x64
		{E59BB6A0-713E-4084-A127-C362C84B1A0C}.Debug-SDL|x64.Build.0 = Debug|x64
		{E59BB6A0-713E-4084-A127-C362C84B1A0C}.Debug-SDL|x86.ActiveCfg = Debug|x86
		{E59BB6A0-713E-4084-A127-C362C84B1A0C}.Debug-SDL|x86.Build.0 = Debug|x86
		{E59BB6A0-713E-4084-A127-C362C84B1A0C}.Release-MonoGame|x64.ActiveCfg = Release|x64
		{E59BB6A0-713E-4084-A127-C362C84B1A0C}.Release-MonoGame|x64.Build.0 = Release|x64
		{E59BB6A0-713E-4084-A127-C362C84B1A0C}.Release-MonoGame|x86.ActiveCfg = Release|x86
		{E59BB6A0-713E-4084-A127-C362C84B1A0C}.Release-MonoGame|x86.Build.0 = Release|x86
		{E59BB6A0-713E-4084-A127-C362C84B1A0C}.Release-SDL|x64.ActiveCfg = Release|x64
		{E59BB6A0-713E-4084-A127-C362C84B1A0C}.Release-SDL|x64.Build.0 = Release|x64
		{E59BB6A0-713E-4084-A127-C362C84B1A0C}.Release-SDL|x86.ActiveCfg = Release|x86
		{E59BB6A0-713E-4084-A127-C362C84B1A0C}.Release-SDL|x86.Build.0 = Release|x86
		{E59BB6A0-713E-4084-A127-C362C84B1A0C}.UserControlTesting|x64.ActiveCfg = Debug|x64
		{E59BB6A0-713E-4084-A127-C362C84B1A0C}.UserControlTesting|x64.Build.0 = Debug|x64
		{E59BB6A0-713E-4084-A127-C362C84B1A0C}.UserControlTesting|x86.ActiveCfg = Release|x86
		{E59BB6A0-713E-4084-A127-C362C84B1A0C}.UserControlTesting|x86.Build.0 = Release|x86
		{DAD8EA90-BF2B-4A57-86F4-4176342EEB8C}.Debug-MonoGame|x64.ActiveCfg = Debug|x64
		{DAD8EA90-BF2B-4A57-86F4-4176342EEB8C}.Debug-MonoGame|x64.Build.0 = Debug|x64
		{DAD8EA90-BF2B-4A57-86F4-4176342EEB8C}.Debug-MonoGame|x86.ActiveCfg = Debug|x86
		{DAD8EA90-BF2B-4A57-86F4-4176342EEB8C}.Debug-MonoGame|x86.Build.0 = Debug|x86
		{DAD8EA90-BF2B-4A57-86F4-4176342EEB8C}.Debug-SDL|x64.ActiveCfg = Debug|x64
		{DAD8EA90-BF2B-4A57-86F4-4176342EEB8C}.Debug-SDL|x64.Build.0 = Debug|x64
		{DAD8EA90-BF2B-4A57-86F4-4176342EEB8C}.Debug-SDL|x86.ActiveCfg = Debug|x86
		{DAD8EA90-BF2B-4A57-86F4-4176342EEB8C}.Debug-SDL|x86.Build.0 = Debug|x86
		{DAD8EA90-BF2B-4A57-86F4-4176342EEB8C}.Release-MonoGame|x64.ActiveCfg = Release|x64
		{DAD8EA90-BF2B-4A57-86F4-4176342EEB8C}.Release-MonoGame|x64.Build.0 = Release|x64
		{DAD8EA90-BF2B-4A57-86F4-4176342EEB8C}.Release-MonoGame|x86.ActiveCfg = Release|x86
		{DAD8EA90-BF2B-4A57-86F4-4176342EEB8C}.Release-MonoGame|x86.Build.0 = Release|x86
		{DAD8EA90-BF2B-4A57-86F4-4176342EEB8C}.Release-SDL|x64.ActiveCfg = Release|x64
		{DAD8EA90-BF2B-4A57-86F4-4176342EEB8C}.Release-SDL|x64.Build.0 = Release|x64
		{DAD8EA90-BF2B-4A57-86F4-4176342EEB8C}.Release-SDL|x86.ActiveCfg = Release|x86
		{DAD8EA90-BF2B-4A57-86F4-4176342EEB8C}.Release-SDL|x86.Build.0 = Release|x86
		{DAD8EA90-BF2B-4A57-86F4-4176342EEB8C}.UserControlTesting|x64.ActiveCfg = Debug|x64
		{DAD8EA90-BF2B-4A57-86F4-4176342EEB8C}.UserControlTesting|x64.Build.0 = Debug|x64
		{DAD8EA90-BF2B-4A57-86F4-4176342EEB8C}.UserControlTesting|x86.ActiveCfg = Release|x86
		{DAD8EA90-BF2B-4A57-86F4-4176342EEB8C}.UserControlTesting|x86.Build.0 = Release|x86
		{132C8707-AE48-462D-BD7F-786B567B4FE1}.Debug-MonoGame|x64.ActiveCfg = Debug|x64
		{132C8707-AE48-462D-BD7F-786B567B4FE1}.Debug-MonoGame|x64.Build.0 = Debug|x64
		{132C8707-AE48-462D-BD7F-786B567B4FE1}.Debug-MonoGame|x86.ActiveCfg = Debug|x86
		{132C8707-AE48-462D-BD7F-786B567B4FE1}.Debug-MonoGame|x86.Build.0 = Debug|x86
		{132C8707-AE48-462D-BD7F-786B567B4FE1}.Debug-SDL|x64.ActiveCfg = Debug|x64
		{132C8707-AE48-462D-BD7F-786B567B4FE1}.Debug-SDL|x64.Build.0 = Debug|x64
		{132C8707-AE48-462D-BD7F-786B567B4FE1}.Debug-SDL|x86.ActiveCfg = Debug|x86
		{132C8707-AE48-462D-BD7F-786B567B4FE1}.Debug-SDL|x86.Build.0 = Debug|x86
		{132C8707-AE48-462D-BD7F-786B567B4FE1}.Release-MonoGame|x64.ActiveCfg = Release|x64
		{132C8707-AE48-462D-BD7F-786B567B4FE1}.Release-MonoGame|x64.Build.0 = Release|x64
		{132C8707-AE48-462D-BD7F-786B567B4FE1}.Release-MonoGame|x86.ActiveCfg = Release|x86
		{132C8707-AE48-462D-BD7F-786B567B4FE1}.Release-MonoGame|x86.Build.0 = Release|x86
		{132C8707-AE48-462D-BD7F-786B567B4FE1}.Release-SDL|x64.ActiveCfg = Release|x64
		{132C8707-AE48-462D-BD7F-786B567B4FE1}.Release-SDL|x64.Build.0 = Release|x64
		{132C8707-AE48-462D-BD7F-786B567B4FE1}.Release-SDL|x86.ActiveCfg = Release|x86
		{132C8707-AE48-462D-BD7F-786B567B4FE1}.Release-SDL|x86.Build.0 = Release|x86
		{132C8707-AE48-462D-BD7F-786B567B4FE1}.UserControlTesting|x64.ActiveCfg = Debug|x64
		{132C8707-AE48-462D-BD7F-786B567B4FE1}.UserControlTesting|x64.Build.0 = Debug|x64
		{132C8707-AE48-462D-BD7F-786B567B4FE1}.UserControlTesting|x86.ActiveCfg = Release|x86
		{132C8707-AE48-462D-BD7F-786B567B4FE1}.UserControlTesting|x86.Build.0 = Release|x86
		{9400C56B-2543-455F-B349-F878B0EEC4FC}.Debug-MonoGame|x64.ActiveCfg = Debug|x64
		{9400C56B-2543-455F-B349-F878B0EEC4FC}.Debug-MonoGame|x64.Build.0 = Debug|x64
		{9400C56B-2543-455F-B349-F878B0EEC4FC}.Debug-MonoGame|x86.ActiveCfg = Debug|x86
		{9400C56B-2543-455F-B349-F878B0EEC4FC}.Debug-MonoGame|x86.Build.0 = Debug|x86
		{9400C56B-2543-455F-B349-F878B0EEC4FC}.Debug-SDL|x64.ActiveCfg = Debug|x64
		{9400C56B-2543-455F-B349-F878B0EEC4FC}.Debug-SDL|x64.Build.0 = Debug|x64
		{9400C56B-2543-455F-B349-F878B0EEC4FC}.Debug-SDL|x86.ActiveCfg = Debug|x86
		{9400C56B-2543-455F-B349-F878B0EEC4FC}.Debug-SDL|x86.Build.0 = Debug|x86
		{9400C56B-2543-455F-B349-F878B0EEC4FC}.Release-MonoGame|x64.ActiveCfg = Release|x64
		{9400C56B-2543-455F-B349-F878B0EEC4FC}.Release-MonoGame|x64.Build.0 = Release|x64
		{9400C56B-2543-455F-B349-F878B0EEC4FC}.Release-MonoGame|x86.ActiveCfg = Release|x86
		{9400C56B-2543-455F-B349-F878B0EEC4FC}.Release-MonoGame|x86.Build.0 = Release|x86
		{9400C56B-2543-455F-B349-F878B0EEC4FC}.Release-SDL|x64.ActiveCfg = Release|x64
		{9400C56B-2543-455F-B349-F878B0EEC4FC}.Release-SDL|x64.Build.0 = Release|x64
		{9400C56B-2543-455F-B349-F878B0EEC4FC}.Release-SDL|x86.ActiveCfg = Release|x86
		{9400C56B-2543-455F-B349-F878B0EEC4FC}.Release-SDL|x86.Build.0 = Release|x86
		{9400C56B-2543-455F-B349-F878B0EEC4FC}.UserControlTesting|x64.ActiveCfg = Debug|x64
		{9400C56B-2543-455F-B349-F878B0EEC4FC}.UserControlTesting|x64.Build.0 = Debug|x64
		{9400C56B-2543-455F-B349-F878B0EEC4FC}.UserControlTesting|x86.ActiveCfg = Release|x86
		{9400C56B-2543-455F-B349-F878B0EEC4FC}.UserControlTesting|x86.Build.0 = Release|x86
	EndGlobalSection
	GlobalSection(SolutionProperties) = preSolution
		HideSolutionNode = FALSE
	EndGlobalSection
	GlobalSection(NestedProjects) = preSolution
		{DAD8EA90-BF2B-4A57-86F4-4176342EEB8C} = {C12F7941-E834-4C6A-B3F6-E4DD58FF0CC8}
		{132C8707-AE48-462D-BD7F-786B567B4FE1} = {C12F7941-E834-4C6A-B3F6-E4DD58FF0CC8}
		{9400C56B-2543-455F-B349-F878B0EEC4FC} = {C12F7941-E834-4C6A-B3F6-E4DD58FF0CC8}
	EndGlobalSection
	GlobalSection(ExtensibilityGlobals) = postSolution
		SolutionGuid = {5EA680D2-B81C-4C51-8F00-1D3B38E53609}
	EndGlobalSection
EndGlobal
